
Microsoft Visual Studio Solution File, Format Version 12.00
# Visual Studio Version 16
VisualStudioVersion = 16.0.29613.14
MinimumVisualStudioVersion = 10.0.40219.1
Project("{FAE04EC0-301F-11D3-BF4B-00C04F79EFBC}") = "TestApplication.Android", "TestApplication\TestApplication.Android\TestApplication.Android.csproj", "{2C3F3A9A-F0A2-4FB1-81D1-5704A7DBC2BF}"
EndProject
Project("{FAE04EC0-301F-11D3-BF4B-00C04F79EFBC}") = "TestApplication.iOS", "TestApplication\TestApplication.iOS\TestApplication.iOS.csproj", "{B36CABED-B32B-420B-AC91-9F30AAE876C1}"
EndProject
Project("{FAE04EC0-301F-11D3-BF4B-00C04F79EFBC}") = "TestApplication", "TestApplication\TestApplication\TestApplication.csproj", "{D0024CAC-1013-4590-823D-D56A88028764}"
EndProject
Global
	GlobalSection(SolutionConfigurationPlatforms) = preSolution
		Debug|Any CPU = Debug|Any CPU
		Debug|iPhone = Debug|iPhone
		Debug|iPhoneSimulator = Debug|iPhoneSimulator
		Release|Any CPU = Release|Any CPU
		Release|iPhone = Release|iPhone
		Release|iPhoneSimulator = Release|iPhoneSimulator
	EndGlobalSection
	GlobalSection(ProjectConfigurationPlatforms) = postSolution
		{2C3F3A9A-F0A2-4FB1-81D1-5704A7DBC2BF}.Debug|Any CPU.ActiveCfg = Debug|Any CPU
		{2C3F3A9A-F0A2-4FB1-81D1-5704A7DBC2BF}.Debug|Any CPU.Build.0 = Debug|Any CPU
		{2C3F3A9A-F0A2-4FB1-81D1-5704A7DBC2BF}.Debug|Any CPU.Deploy.0 = Debug|Any CPU
		{2C3F3A9A-F0A2-4FB1-81D1-5704A7DBC2BF}.Debug|iPhone.ActiveCfg = Debug|Any CPU
		{2C3F3A9A-F0A2-4FB1-81D1-5704A7DBC2BF}.Debug|iPhone.Build.0 = Debug|Any CPU
		{2C3F3A9A-F0A2-4FB1-81D1-5704A7DBC2BF}.Debug|iPhone.Deploy.0 = Debug|Any CPU
		{2C3F3A9A-F0A2-4FB1-81D1-5704A7DBC2BF}.Debug|iPhoneSimulator.ActiveCfg = Debug|Any CPU
		{2C3F3A9A-F0A2-4FB1-81D1-5704A7DBC2BF}.Debug|iPhoneSimulator.Build.0 = Debug|Any CPU
		{2C3F3A9A-F0A2-4FB1-81D1-5704A7DBC2BF}.Debug|iPhoneSimulator.Deploy.0 = Debug|Any CPU
		{2C3F3A9A-F0A2-4FB1-81D1-5704A7DBC2BF}.Release|Any CPU.ActiveCfg = Release|Any CPU
		{2C3F3A9A-F0A2-4FB1-81D1-5704A7DBC2BF}.Release|Any CPU.Build.0 = Release|Any CPU
		{2C3F3A9A-F0A2-4FB1-81D1-5704A7DBC2BF}.Release|Any CPU.Deploy.0 = Release|Any CPU
		{2C3F3A9A-F0A2-4FB1-81D1-5704A7DBC2BF}.Release|iPhone.ActiveCfg = Release|Any CPU
		{2C3F3A9A-F0A2-4FB1-81D1-5704A7DBC2BF}.Release|iPhone.Build.0 = Release|Any CPU
		{2C3F3A9A-F0A2-4FB1-81D1-5704A7DBC2BF}.Release|iPhone.Deploy.0 = Release|Any CPU
		{2C3F3A9A-F0A2-4FB1-81D1-5704A7DBC2BF}.Release|iPhoneSimulator.ActiveCfg = Release|Any CPU
		{2C3F3A9A-F0A2-4FB1-81D1-5704A7DBC2BF}.Release|iPhoneSimulator.Build.0 = Release|Any CPU
		{2C3F3A9A-F0A2-4FB1-81D1-5704A7DBC2BF}.Release|iPhoneSimulator.Deploy.0 = Release|Any CPU
		{B36CABED-B32B-420B-AC91-9F30AAE876C1}.Debug|Any CPU.ActiveCfg = Debug|iPhoneSimulator
		{B36CABED-B32B-420B-AC91-9F30AAE876C1}.Debug|Any CPU.Build.0 = Debug|iPhoneSimulator
		{B36CABED-B32B-420B-AC91-9F30AAE876C1}.Debug|Any CPU.Deploy.0 = Debug|iPhoneSimulator
		{B36CABED-B32B-420B-AC91-9F30AAE876C1}.Debug|iPhone.ActiveCfg = Debug|iPhone
		{B36CABED-B32B-420B-AC91-9F30AAE876C1}.Debug|iPhone.Build.0 = Debug|iPhone
		{B36CABED-B32B-420B-AC91-9F30AAE876C1}.Debug|iPhone.Deploy.0 = Debug|iPhone
		{B36CABED-B32B-420B-AC91-9F30AAE876C1}.Debug|iPhoneSimulator.ActiveCfg = Debug|iPhoneSimulator
		{B36CABED-B32B-420B-AC91-9F30AAE876C1}.Debug|iPhoneSimulator.Build.0 = Debug|iPhoneSimulator
		{B36CABED-B32B-420B-AC91-9F30AAE876C1}.Debug|iPhoneSimulator.Deploy.0 = Debug|iPhoneSimulator
		{B36CABED-B32B-420B-AC91-9F30AAE876C1}.Release|Any CPU.ActiveCfg = Release|iPhone
		{B36CABED-B32B-420B-AC91-9F30AAE876C1}.Release|Any CPU.Build.0 = Release|iPhone
		{B36CABED-B32B-420B-AC91-9F30AAE876C1}.Release|Any CPU.Deploy.0 = Release|iPhone
		{B36CABED-B32B-420B-AC91-9F30AAE876C1}.Release|iPhone.ActiveCfg = Release|iPhone
		{B36CABED-B32B-420B-AC91-9F30AAE876C1}.Release|iPhone.Build.0 = Release|iPhone
		{B36CABED-B32B-420B-AC91-9F30AAE876C1}.Release|iPhone.Deploy.0 = Release|iPhone
		{B36CABED-B32B-420B-AC91-9F30AAE876C1}.Release|iPhoneSimulator.ActiveCfg = Release|iPhoneSimulator
		{B36CABED-B32B-420B-AC91-9F30AAE876C1}.Release|iPhoneSimulator.Build.0 = Release|iPhoneSimulator
		{B36CABED-B32B-420B-AC91-9F30AAE876C1}.Release|iPhoneSimulator.Deploy.0 = Release|iPhoneSimulator
		{D0024CAC-1013-4590-823D-D56A88028764}.Debug|Any CPU.ActiveCfg = Debug|Any CPU
		{D0024CAC-1013-4590-823D-D56A88028764}.Debug|Any CPU.Build.0 = Debug|Any CPU
		{D0024CAC-1013-4590-823D-D56A88028764}.Debug|Any CPU.Deploy.0 = Debug|Any CPU
		{D0024CAC-1013-4590-823D-D56A88028764}.Debug|iPhone.ActiveCfg = Debug|Any CPU
		{D0024CAC-1013-4590-823D-D56A88028764}.Debug|iPhone.Build.0 = Debug|Any CPU
		{D0024CAC-1013-4590-823D-D56A88028764}.Debug|iPhone.Deploy.0 = Debug|Any CPU
		{D0024CAC-1013-4590-823D-D56A88028764}.Debug|iPhoneSimulator.ActiveCfg = Debug|Any CPU
		{D0024CAC-1013-4590-823D-D56A88028764}.Debug|iPhoneSimulator.Build.0 = Debug|Any CPU
		{D0024CAC-1013-4590-823D-D56A88028764}.Debug|iPhoneSimulator.Deploy.0 = Debug|Any CPU
		{D0024CAC-1013-4590-823D-D56A88028764}.Release|Any CPU.ActiveCfg = Release|Any CPU
		{D0024CAC-1013-4590-823D-D56A88028764}.Release|Any CPU.Build.0 = Release|Any CPU
		{D0024CAC-1013-4590-823D-D56A88028764}.Release|Any CPU.Deploy.0 = Release|Any CPU
		{D0024CAC-1013-4590-823D-D56A88028764}.Release|iPhone.ActiveCfg = Release|Any CPU
		{D0024CAC-1013-4590-823D-D56A88028764}.Release|iPhone.Build.0 = Release|Any CPU
		{D0024CAC-1013-4590-823D-D56A88028764}.Release|iPhone.Deploy.0 = Release|Any CPU
		{D0024CAC-1013-4590-823D-D56A88028764}.Release|iPhoneSimulator.ActiveCfg = Release|Any CPU
		{D0024CAC-1013-4590-823D-D56A88028764}.Release|iPhoneSimulator.Build.0 = Release|Any CPU
		{D0024CAC-1013-4590-823D-D56A88028764}.Release|iPhoneSimulator.Deploy.0 = Release|Any CPU
	EndGlobalSection
	GlobalSection(SolutionProperties) = preSolution
		HideSolutionNode = FALSE
	EndGlobalSection
	GlobalSection(ExtensibilityGlobals) = postSolution
		SolutionGuid = {985C6CDA-F10E-4782-ADAB-86EA20A12FC5}
	EndGlobalSection
EndGlobal
